dependencies:
- name: postgres
  repository: https://mbround18.github.io/helm-charts
  version: 0.1.22
- name: gitops-tools
  repository: https://mbround18.github.io/helm-charts
  version: 0.1.1
digest: sha256:5a1b970cc446edaa46e31a2e9464660040332e0e0938d033aacb2d468037a4f2
generated: "2026-05-18T20:56:27.314703717Z"
