dependencies:
- name: postgres
  repository: https://mbround18.github.io/helm-charts
  version: 0.1.21
- name: gitops-tools
  repository: https://mbround18.github.io/helm-charts
  version: 0.1.1
digest: sha256:891b8406c939db280304e412105792b39f5280baf6af9cb4d4f6140a1d545059
generated: "2026-05-05T01:12:37.949300335Z"
