dependencies:
- name: postgres
  repository: file://../postgres
  version: 0.1.28
- name: redis
  repository: file://../redis
  version: 0.1.0
- name: gitops-tools
  repository: file://../gitops-tools
  version: 0.1.1
digest: sha256:1531a6e71edfc37a8ed749798d3bb65f785d5c3b78ddcc9b8ca4246a14e5fb60
generated: "2026-08-07T13:34:03.646029787-07:00"
