dependencies:
- name: postgres
  repository: https://mbround18.github.io/helm-charts
  version: 0.1.26
- name: istio-ingress
  repository: https://mbround18.github.io/helm-charts
  version: 0.1.9
- name: meilisearch
  repository: https://mbround18.github.io/helm-charts
  version: 0.1.22
digest: sha256:b573a6f2c6ba191a32172bb22fc5fc1436e0b326e8a00827bde8d45e802f1807
generated: "2026-07-22T05:59:36.648119103Z"
