dependencies:
- name: postgres
  repository: https://mbround18.github.io/helm-charts
  version: 0.1.27
- name: istio-ingress
  repository: https://mbround18.github.io/helm-charts
  version: 0.1.13
- name: meilisearch
  repository: https://mbround18.github.io/helm-charts
  version: 0.1.28
digest: sha256:a8fd0d7e503bf4b342ba6e3e0786c266e65834c8b09add897d005271aea507ae
generated: "2026-08-06T00:50:42.889725051Z"
