dependencies:
- name: game-tools
  repository: file://../game-tools
  version: 0.1.7
- name: gitops-tools
  repository: https://mbround18.github.io/helm-charts
  version: 0.1.0
digest: sha256:07f1b270233756c91d611123ff59e8d419839aad2cd4240b3ae08e9ab91da0ca
generated: "2026-05-04T22:29:12.01350857Z"
