dependencies:
- name: istio-ingress
  repository: https://mbround18.github.io/helm-charts
  version: 0.1.9
- name: gitops-tools
  repository: https://mbround18.github.io/helm-charts
  version: 0.1.1
digest: sha256:9842ef7ab4f7b0b3674445a6123c5bd9e18e7f782fb0e88dbde190cf8fada31d
generated: "2026-05-29T21:55:23.018791556Z"
