dependencies:
- name: gitops-tools
  repository: https://mbround18.github.io/helm-charts
  version: 0.1.1
- name: backup-job
  repository: file://../backup-job
  version: 0.1.0
digest: sha256:fa5919d3ccb7a236e002cad4405f93f120ef37d7d1e80de90301af1e538b83a4
generated: "2026-07-14T15:00:55.892078847-07:00"
