dependencies:
- name: gitops-tools
  repository: file://../gitops-tools
  version: 0.1.1
- name: mongo
  repository: file://../mongo
  version: 0.1.0
- name: rustfs
  repository: file://../rustfs
  version: 0.1.0
- name: external-secret-resources
  repository: file://../external-secret-resources
  version: 0.1.4
digest: sha256:ab9f4d33f8b7aa03f16d397ae5e8061030dd98070aca5764267af2ac2c3d869a
generated: "2026-08-21T13:02:35.966866693-07:00"
