dependencies:
- name: gitops-tools
  repository: file://../gitops-tools
  version: 0.1.1
- name: istio-ingress
  repository: file://../istio-ingress
  version: 0.1.13
- name: postgres
  repository: file://../postgres
  version: 0.1.30
digest: sha256:0613aa7259bd1aa7909eb2dcfad4978b35409a0d15e8dae73fe5991ef6986773
generated: "2026-08-13T23:40:36.375591877Z"
