dependencies:
- name: gitops-tools
  repository: file://../gitops-tools
  version: 0.1.1
- name: istio-ingress
  repository: file://../istio-ingress
  version: 0.1.11
- name: postgres
  repository: file://../postgres
  version: 0.1.25
digest: sha256:04af35ab2edaee1ba47f4544136eadadd93ab9dab50df9620deb9143d25b3c79
generated: "2026-07-14T22:44:21.28375076Z"
