dependencies:
- name: gitops-tools
  repository: file://../gitops-tools
  version: 0.1.1
- name: istio-ingress
  repository: file://../istio-ingress
  version: 0.1.9
- name: postgres
  repository: file://../postgres
  version: 0.1.22
digest: sha256:51c3846ba44163ea0592077c722fd599fa427a0825dd9645ccd4653b60f86f2f
generated: "2026-05-18T20:32:19.907496188-07:00"
