dependencies:
- name: external-secret-resources
  repository: file://../external-secret-resources
  version: 0.1.0
- name: grafana
  repository: https://grafana.github.io/helm-charts
  version: 10.5.15
- name: istio-ingress
  repository: file://../istio-ingress
  version: 0.1.10
- name: gitops-tools
  repository: file://../gitops-tools
  version: 0.1.1
digest: sha256:22195e55d35d36a94a6393a67f45a2b767ed68ead1ef7611b9ebcee245977f22
generated: "2026-06-01T13:27:57.531558559-07:00"
