dependencies:
- name: istio-ingress
  repository: https://mbround18.github.io/helm-charts
  version: 0.1.10
- name: gitops-tools
  repository: https://mbround18.github.io/helm-charts
  version: 0.1.1
digest: sha256:8e01f7e29b23a870b657f8f6228365ce2d85e14f4953b591b82ddde7ad7a1ce9
generated: "2026-05-29T23:31:34.404640742Z"
