dependencies:
- name: istio-ingress
  repository: https://mbround18.github.io/helm-charts
  version: 0.1.0
- name: gitops-tools
  repository: file://../gitops-tools
  version: 0.1.0
digest: sha256:1636894138a85fd33bc4d29726e5cf3c4a939864c8129e89fadb7aea5f1b39c6
generated: "2026-04-25T17:59:31.041909439-07:00"
