dependencies:
- name: istio-ingress
  repository: https://mbround18.github.io/helm-charts
  version: 0.1.5
- name: gitops-tools
  repository: file://../gitops-tools
  version: 0.1.0
digest: sha256:23d9d52d65c1b1362ef8b2e63755fabace9136a9c7d53624ad1859fcea1370a2
generated: "2026-04-30T04:31:35.0535666Z"
